lockfileVersion: '9.0'

settings:
  autoInstallPeers: true
  excludeLinksFromLockfile: false

importers:

  .:
    devDependencies:
      '@types/node':
        specifier: 24.12.4
        version: 24.12.4
      typescript:
        specifier: 5.9.3
        version: 5.9.3

  apps/cli:
    dependencies:
      '@frontend-agent-benchmark/adapter-protocol':
        specifier: workspace:*
        version: link:../../packages/adapter-protocol
      '@frontend-agent-benchmark/artifact-store-fs':
        specifier: workspace:*
        version: link:../../packages/artifact-store-fs
      '@frontend-agent-benchmark/contracts':
        specifier: workspace:*
        version: link:../../packages/contracts
      '@frontend-agent-benchmark/export-policy':
        specifier: workspace:*
        version: link:../../packages/export-policy
      '@frontend-agent-benchmark/run-coordinator':
        specifier: workspace:*
        version: link:../../packages/run-coordinator
      '@frontend-agent-benchmark/sandbox-docker':
        specifier: workspace:*
        version: link:../../packages/sandbox-docker
      '@frontend-agent-benchmark/state-store-sqlite':
        specifier: workspace:*
        version: link:../../packages/state-store-sqlite
      '@frontend-agent-benchmark/tool-router':
        specifier: workspace:*
        version: link:../../packages/tool-router

  packages/adapter-mock:
    dependencies:
      '@frontend-agent-benchmark/adapter-protocol':
        specifier: workspace:*
        version: link:../adapter-protocol

  packages/adapter-protocol:
    dependencies:
      '@frontend-agent-benchmark/contracts':
        specifier: workspace:*
        version: link:../contracts

  packages/artifact-store-fs:
    dependencies:
      '@frontend-agent-benchmark/contracts':
        specifier: workspace:*
        version: link:../contracts
      '@frontend-agent-benchmark/state-store-sqlite':
        specifier: workspace:*
        version: link:../state-store-sqlite

  packages/contracts:
    dependencies:
      ajv:
        specifier: 8.17.1
        version: 8.17.1
      yaml:
        specifier: 2.8.1
        version: 2.8.1

  packages/evaluator-a11y:
    dependencies:
      '@frontend-agent-benchmark/contracts':
        specifier: workspace:*
        version: link:../contracts
      '@frontend-agent-benchmark/evaluator-core':
        specifier: workspace:*
        version: link:../evaluator-core

  packages/evaluator-build:
    dependencies:
      '@frontend-agent-benchmark/contracts':
        specifier: workspace:*
        version: link:../contracts
      '@frontend-agent-benchmark/evaluator-core':
        specifier: workspace:*
        version: link:../evaluator-core

  packages/evaluator-core:
    dependencies:
      '@frontend-agent-benchmark/contracts':
        specifier: workspace:*
        version: link:../contracts

  packages/evaluator-integrity:
    dependencies:
      '@frontend-agent-benchmark/contracts':
        specifier: workspace:*
        version: link:../contracts
      '@frontend-agent-benchmark/evaluator-core':
        specifier: workspace:*
        version: link:../evaluator-core

  packages/evaluator-playwright:
    dependencies:
      '@frontend-agent-benchmark/contracts':
        specifier: workspace:*
        version: link:../contracts
      '@frontend-agent-benchmark/evaluator-core':
        specifier: workspace:*
        version: link:../evaluator-core

  packages/evaluator-responsive:
    dependencies:
      '@frontend-agent-benchmark/contracts':
        specifier: workspace:*
        version: link:../contracts
      '@frontend-agent-benchmark/evaluator-core':
        specifier: workspace:*
        version: link:../evaluator-core

  packages/evaluator-start:
    dependencies:
      '@frontend-agent-benchmark/contracts':
        specifier: workspace:*
        version: link:../contracts
      '@frontend-agent-benchmark/evaluator-core':
        specifier: workspace:*
        version: link:../evaluator-core

  packages/evaluator-visual:
    dependencies:
      '@frontend-agent-benchmark/contracts':
        specifier: workspace:*
        version: link:../contracts
      '@frontend-agent-benchmark/evaluator-core':
        specifier: workspace:*
        version: link:../evaluator-core

  packages/export-policy:
    dependencies:
      '@frontend-agent-benchmark/contracts':
        specifier: workspace:*
        version: link:../contracts
      '@frontend-agent-benchmark/state-store-sqlite':
        specifier: workspace:*
        version: link:../state-store-sqlite

  packages/run-coordinator:
    dependencies:
      '@frontend-agent-benchmark/adapter-protocol':
        specifier: workspace:*
        version: link:../adapter-protocol
      '@frontend-agent-benchmark/artifact-store-fs':
        specifier: workspace:*
        version: link:../artifact-store-fs
      '@frontend-agent-benchmark/contracts':
        specifier: workspace:*
        version: link:../contracts
      '@frontend-agent-benchmark/evaluator-a11y':
        specifier: workspace:*
        version: link:../evaluator-a11y
      '@frontend-agent-benchmark/evaluator-build':
        specifier: workspace:*
        version: link:../evaluator-build
      '@frontend-agent-benchmark/evaluator-core':
        specifier: workspace:*
        version: link:../evaluator-core
      '@frontend-agent-benchmark/evaluator-integrity':
        specifier: workspace:*
        version: link:../evaluator-integrity
      '@frontend-agent-benchmark/evaluator-playwright':
        specifier: workspace:*
        version: link:../evaluator-playwright
      '@frontend-agent-benchmark/evaluator-responsive':
        specifier: workspace:*
        version: link:../evaluator-responsive
      '@frontend-agent-benchmark/evaluator-start':
        specifier: workspace:*
        version: link:../evaluator-start
      '@frontend-agent-benchmark/evaluator-visual':
        specifier: workspace:*
        version: link:../evaluator-visual
      '@frontend-agent-benchmark/sandbox-docker':
        specifier: workspace:*
        version: link:../sandbox-docker
      '@frontend-agent-benchmark/state-store-sqlite':
        specifier: workspace:*
        version: link:../state-store-sqlite
      '@frontend-agent-benchmark/tool-router':
        specifier: workspace:*
        version: link:../tool-router

  packages/sandbox-docker:
    dependencies:
      '@frontend-agent-benchmark/artifact-store-fs':
        specifier: workspace:*
        version: link:../artifact-store-fs
      '@frontend-agent-benchmark/contracts':
        specifier: workspace:*
        version: link:../contracts
      '@frontend-agent-benchmark/tool-router':
        specifier: workspace:*
        version: link:../tool-router

  packages/state-store-sqlite: {}

  packages/tool-router:
    dependencies:
      '@frontend-agent-benchmark/contracts':
        specifier: workspace:*
        version: link:../contracts

packages:

  '@types/node@24.12.4':
    resolution: {integrity: sha512-GUUEShf+PBCGW2KaXwcIt3Yk+e3pkKwWKb9GSyM9WQVE+ep2jzmHdGsHzu4wgcZy5fN9FBdVzjpBQsYlpfpgLA==}

  ajv@8.17.1:
    resolution: {integrity: sha512-B/gBuNg5SiMTrPkC+A2+cW0RszwxYmn6VYxB/inlBStS5nx6xHIt/ehKRhIMhqusl7a8LjQoZnjCs5vhwxOQ1g==}

  fast-deep-equal@3.1.3:
    resolution: {integrity: sha512-f3qQ9oQy9j2AhBe/H9VC91wLmKBCCU/gDOnKNAYG5hswO7BLKj09Hc5HYNz9cGI++xlpDCIgDaitVs03ATR84Q==}

  fast-uri@3.1.3:
    resolution: {integrity: sha512-i70LwGWUduXqzicKXWshooq+sWL1K3WUU5rKZNG/0i3a1OSoX3HqhH5WbWwTmqWfor4urUakGPiRQcleRZTwOg==}

  json-schema-traverse@1.0.0:
    resolution: {integrity: sha512-NM8/P9n3XjXhIZn1lLhkFaACTOURQXjWhV4BA/RnOv8xvgqtqpAX9IO4mRQxSx1Rlo4tqzeqb0sOlruaOy3dug==}

  require-from-string@2.0.2:
    resolution: {integrity: sha512-Xf0nWe6RseziFMu+Ap9biiUbmplq6S9/p+7w7YXP/JBHhrUDDUhwa+vANyubuqfZWTveU//DYVGsDG7RKL/vEw==}
    engines: {node: '>=0.10.0'}

  typescript@5.9.3:
    resolution: {integrity: sha512-jl1vZzPDinLr9eUt3J/t7V6FgNEw9QjvBPdysz9KfQDD41fQrC2Y4vKQdiaUpFT4bXlb1RHhLpp8wtm6M5TgSw==}
    engines: {node: '>=14.17'}
    hasBin: true

  undici-types@7.16.0:
    resolution: {integrity: sha512-Zz+aZWSj8LE6zoxD+xrjh4VfkIG8Ya6LvYkZqtUQGJPZjYl53ypCaUwWqo7eI0x66KBGeRo+mlBEkMSeSZ38Nw==}

  yaml@2.8.1:
    resolution: {integrity: sha512-lcYcMxX2PO9XMGvAJkJ3OsNMw+/7FKes7/hgerGUYWIoWu5j/+YQqcZr5JnPZWzOsEBgMbSbiSTn/dv/69Mkpw==}
    engines: {node: '>= 14.6'}
    hasBin: true

snapshots:

  '@types/node@24.12.4':
    dependencies:
      undici-types: 7.16.0

  ajv@8.17.1:
    dependencies:
      fast-deep-equal: 3.1.3
      fast-uri: 3.1.3
      json-schema-traverse: 1.0.0
      require-from-string: 2.0.2

  fast-deep-equal@3.1.3: {}

  fast-uri@3.1.3: {}

  json-schema-traverse@1.0.0: {}

  require-from-string@2.0.2: {}

  typescript@5.9.3: {}

  undici-types@7.16.0: {}

  yaml@2.8.1: {}
