{"name": "node-min", "lockfileVersion": 3, "packages": {"": {"name": "node-min", "dependencies": {"@fixture/proxy-package": "1.0.0"}}, "node_modules/@fixture/proxy-package": {"version": "1.0.0", "resolved": "http://package-proxy:8080/fixture.tgz", "integrity": "sha512-5KmgDFjmVWYxEIDg+CnDlpRDqb98VDXME3TVht4AXUXyTas/G0w+grIkAzzWS/9zleLT/Tumiss2vAqPlrMQyQ=="}}}
